
Microsoft Visual Studio Solution File, Format Version 12.00
# Visual Studio 15
Project("{FAE04EC0-301F-11D3-BF4B-00C04F79EFBC}") = "Assembly-CSharp", "Assembly-CSharp.csproj", "{FA2EE568-B0C2-05F0-5E03-E1D04FA38105}"
EndProject
Project("{FAE04EC0-301F-11D3-BF4B-00C04F79EFBC}") = "Assembly-CSharp-Editor", "Assembly-CSharp-Editor.csproj", "{B5D941FA-4293-E2AA-BEE6-A43FD2BC3738}"
EndProject
Global
	GlobalSection(SolutionConfigurationPlatforms) = preSolution
		Debug|Any CPU = Debug|Any CPU
		Release|Any CPU = Release|Any CPU
	EndGlobalSection
	GlobalSection(ProjectConfigurationPlatforms) = postSolution
		{FA2EE568-B0C2-05F0-5E03-E1D04FA38105}.Debug|Any CPU.ActiveCfg = Debug|Any CPU
		{FA2EE568-B0C2-05F0-5E03-E1D04FA38105}.Debug|Any CPU.Build.0 = Debug|Any CPU
		{FA2EE568-B0C2-05F0-5E03-E1D04FA38105}.Release|Any CPU.ActiveCfg = Release|Any CPU
		{FA2EE568-B0C2-05F0-5E03-E1D04FA38105}.Release|Any CPU.Build.0 = Release|Any CPU
		{B5D941FA-4293-E2AA-BEE6-A43FD2BC3738}.Debug|Any CPU.ActiveCfg = Debug|Any CPU
		{B5D941FA-4293-E2AA-BEE6-A43FD2BC3738}.Debug|Any CPU.Build.0 = Debug|Any CPU
		{B5D941FA-4293-E2AA-BEE6-A43FD2BC3738}.Release|Any CPU.ActiveCfg = Release|Any CPU
		{B5D941FA-4293-E2AA-BEE6-A43FD2BC3738}.Release|Any CPU.Build.0 = Release|Any CPU
	EndGlobalSection
	GlobalSection(SolutionProperties) = preSolution
		HideSolutionNode = FALSE
	EndGlobalSection
EndGlobal
